speakeasyVersion: 1.299.1
sources:
    my-source:
        sourceNamespace: my-source
        sourceRevisionDigest: sha256:ebe059747707ad54dd258bfb641bb09b3c31e77b9b7a31a7e688d7c5b6e4de69
        sourceBlobDigest: sha256:cdbada5b5cb41799ce9bd809d5756df4cbb1a7454cde236f47990f6ad563ce26
        tags:
            - latest
            - main
targets:
    plexruby:
        source: my-source
        sourceNamespace: my-source
        sourceRevisionDigest: sha256:ebe059747707ad54dd258bfb641bb09b3c31e77b9b7a31a7e688d7c5b6e4de69
        sourceBlobDigest: sha256:cdbada5b5cb41799ce9bd809d5756df4cbb1a7454cde236f47990f6ad563ce26
        outLocation: /github/workspace/repo
workflow:
    workflowVersion: 1.0.0
    speakeasyVersion: latest
    sources:
        my-source:
            inputs:
                - location: https://raw.githubusercontent.com/LukeHagar/plex-api-spec/main/plex-media-server-spec-dereferenced.yaml
            registry:
                location: registry.speakeasyapi.dev/lukehagar/lukehagar/my-source
    targets:
        plexruby:
            target: ruby
            source: my-source
            codeSamples:
                output: codeSamples.yaml
