speakeasyVersion: 1.322.1
sources:
    my-source:
        sourceNamespace: my-source
        sourceRevisionDigest: sha256:d108dfa40ca00f641250282c535922699b2e4315df3d91ab5b32616b23a863fa
        sourceBlobDigest: sha256:a6a9a5a22a3564a04affeb4ca72e14de41f508421563d80b794357944b309355
        tags:
            - latest
            - main
targets:
    plexruby:
        source: my-source
        sourceNamespace: my-source
        sourceRevisionDigest: sha256:d108dfa40ca00f641250282c535922699b2e4315df3d91ab5b32616b23a863fa
        sourceBlobDigest: sha256:a6a9a5a22a3564a04affeb4ca72e14de41f508421563d80b794357944b309355
        outLocation: /github/workspace/repo
workflow:
    workflowVersion: 1.0.0
    speakeasyVersion: latest
    sources:
        my-source:
            inputs:
                - location: https://raw.githubusercontent.com/LukeHagar/plex-api-spec/main/plex-media-server-spec-dereferenced.yaml
            registry:
                location: registry.speakeasyapi.dev/lukehagar/lukehagar/my-source
    targets:
        plexruby:
            target: ruby
            source: my-source
            codeSamples:
                output: codeSamples.yaml
