speakeasyVersion: 1.299.3
sources:
    my-source:
        sourceNamespace: my-source
        sourceRevisionDigest: sha256:7efa4cfdc8d0b62f1272302b102bc1b9c5429066f4c9aa4ecaac420d9fdb9b97
        sourceBlobDigest: sha256:1e5f7469036d09225a9ed90dca25ab6dbe453c476da77110fa2fb440b862ea5c
        tags:
            - latest
            - main
targets:
    plexruby:
        source: my-source
        sourceNamespace: my-source
        sourceRevisionDigest: sha256:7efa4cfdc8d0b62f1272302b102bc1b9c5429066f4c9aa4ecaac420d9fdb9b97
        sourceBlobDigest: sha256:1e5f7469036d09225a9ed90dca25ab6dbe453c476da77110fa2fb440b862ea5c
        outLocation: /github/workspace/repo
workflow:
    workflowVersion: 1.0.0
    speakeasyVersion: latest
    sources:
        my-source:
            inputs:
                - location: https://raw.githubusercontent.com/LukeHagar/plex-api-spec/main/plex-media-server-spec-dereferenced.yaml
            registry:
                location: registry.speakeasyapi.dev/lukehagar/lukehagar/my-source
    targets:
        plexruby:
            target: ruby
            source: my-source
            codeSamples:
                output: codeSamples.yaml
